
Microsoft Visual Studio Solution File, Format Version 12.00
# Visual Studio Version 17
VisualStudioVersion = 17.7.34031.279
MinimumVisualStudioVersion = 10.0.40219.1
Project("{FAE04EC0-301F-11D3-BF4B-00C04F79EFBC}") = "HappyBirthday", "HappyBirthday\HappyBirthday.csproj", "{90BEEF47-A04F-43D5-B3FF-A958E3A47BBC}"
EndProject
Global
	GlobalSection(SolutionConfigurationPlatforms) = preSolution
		Debug|Any CPU = Debug|Any CPU
		Release|Any CPU = Release|Any CPU
	EndGlobalSection
	GlobalSection(ProjectConfigurationPlatforms) = postSolution
		{90BEEF47-A04F-43D5-B3FF-A958E3A47BBC}.Debug|Any CPU.ActiveCfg = Debug|Any CPU
		{90BEEF47-A04F-43D5-B3FF-A958E3A47BBC}.Debug|Any CPU.Build.0 = Debug|Any CPU
		{90BEEF47-A04F-43D5-B3FF-A958E3A47BBC}.Release|Any CPU.ActiveCfg = Release|Any CPU
		{90BEEF47-A04F-43D5-B3FF-A958E3A47BBC}.Release|Any CPU.Build.0 = Release|Any CPU
	EndGlobalSection
	GlobalSection(SolutionProperties) = preSolution
		HideSolutionNode = FALSE
	EndGlobalSection
	GlobalSection(ExtensibilityGlobals) = postSolution
		SolutionGuid = {9475DC4E-FD22-4F17-839D-ACC53F70E605}
	EndGlobalSection
EndGlobal
